# This file is generated by running "yarn install" inside your project.
# Manual changes might be lost - proceed with caution!

__metadata:
  version: 4
  cacheKey: 7

"@sirwindfield/hackscript@workspace:.":
  version: 0.0.0-use.local
  resolution: "@sirwindfield/hackscript@workspace:."
  dependencies:
    arg: ^5.0.0
    chalk: ^4.1.1
    enquirer: ^2.3.6
    open: ^8.0.8
  bin:
    hs: src/main.mjs
  languageName: unknown
  linkType: soft

"ansi-colors@npm:^4.1.1":
  version: 4.1.1
  resolution: "ansi-colors@npm:4.1.1"
  checksum: 50d8dfbce25602caea1b170ecf4c71c4c9c58d2d1e3186fb5712848c0610d05fe60b8bb6a9eaebd9b54f1db3baf6f603e04214cce597cc7799bc9f47fd9a797a
  languageName: node
  linkType: hard

"ansi-styles@npm:^4.1.0":
  version: 4.3.0
  resolution: "ansi-styles@npm:4.3.0"
  dependencies:
    color-convert: ^2.0.1
  checksum: ea02c0179f3dd089a161f5fdd7ccd89dd84f31d82b68869f1134bf5c5b9e1313dadd2ff9edb02b44f46243f285ef5b785f6cb61c84a293694221417c42934407
  languageName: node
  linkType: hard

"arg@npm:^5.0.0":
  version: 5.0.0
  resolution: "arg@npm:5.0.0"
  checksum: d5e270723c079fd841dce7e94669e037676b7960110dea244f3de21c935debe800528ac3a7c4c306c1159c8ad7f3eb19ef3e3650243ebd45dfcd69f4a8041a39
  languageName: node
  linkType: hard

"chalk@npm:^4.1.1":
  version: 4.1.1
  resolution: "chalk@npm:4.1.1"
  dependencies:
    ansi-styles: ^4.1.0
    supports-color: ^7.1.0
  checksum: 445c12db7aeed0046500a1e4184d31209a77d165654c885a789c41c8598a6a95bd2392180987cac572c967b93a2a730dda778bb7f87fa06ca63fd8592f8cc59f
  languageName: node
  linkType: hard

"color-convert@npm:^2.0.1":
  version: 2.0.1
  resolution: "color-convert@npm:2.0.1"
  dependencies:
    color-name: ~1.1.4
  checksum: 3d5d8a011a43012ca11b6d739049ecf2055d95582fd16ec44bf1e685eb0baa5cc652002be8a1dc92b429c8d87418287d0528266a7595cb1ad8a7f4f1d3049df2
  languageName: node
  linkType: hard

"color-name@npm:~1.1.4":
  version: 1.1.4
  resolution: "color-name@npm:1.1.4"
  checksum: 3e1c9a4dee12eada307436f61614dd11fe300469db2b83f80c8b7a7cd8a1015f0f18dd13403f018927b249003777ff60baba4a03c65f12e6bddc0dfd9642021f
  languageName: node
  linkType: hard

"define-lazy-prop@npm:^2.0.0":
  version: 2.0.0
  resolution: "define-lazy-prop@npm:2.0.0"
  checksum: aefea62111b83127cdbc030a230e06a1c718049f737ef72892b036aeaa882fcbd801f311145fbbb66df0c34b035dfe745eab1ad76c52e633427ca6f84eca38ef
  languageName: node
  linkType: hard

"enquirer@npm:^2.3.6":
  version: 2.3.6
  resolution: "enquirer@npm:2.3.6"
  dependencies:
    ansi-colors: ^4.1.1
  checksum: e249bb97bf7d5a91d51081547ea5aa1d849604e5de74feff2c48f7174fc6c9dfcfeea42ef5536e9a3be58964a248c322d6897269ae7bba3e1b6d24f152d9d685
  languageName: node
  linkType: hard

"has-flag@npm:^4.0.0":
  version: 4.0.0
  resolution: "has-flag@npm:4.0.0"
  checksum: 2e5391139d3d287231ccb58659702392f6e3abeac3296fb4721afaff46493f3d9b99a9329ae015dfe973aa206ed5c75f43e86aec0267dce79aa5c2b6e811b3ad
  languageName: node
  linkType: hard

"is-docker@npm:^2.0.0, is-docker@npm:^2.1.1":
  version: 2.2.1
  resolution: "is-docker@npm:2.2.1"
  bin:
    is-docker: cli.js
  checksum: 7dbd6eecfe91984ef28ee80b13bd20ce4b27c1645542ae714a3976c881f7d166a3dcddb8b4f67c22285c4505f0b0e585a3b12feb4518b17f86b8a15b9f55c718
  languageName: node
  linkType: hard

"is-wsl@npm:^2.2.0":
  version: 2.2.0
  resolution: "is-wsl@npm:2.2.0"
  dependencies:
    is-docker: ^2.0.0
  checksum: 3dcc4073d4682b9f9a4c59411bb73716cfff88eae58a6bd0af302b8ee016263a5150302bb296bc81a4cb0d3b66c86d82b3ee0146ed15f6558022bc847a2549a2
  languageName: node
  linkType: hard

"open@npm:^8.0.8":
  version: 8.0.8
  resolution: "open@npm:8.0.8"
  dependencies:
    define-lazy-prop: ^2.0.0
    is-docker: ^2.1.1
    is-wsl: ^2.2.0
  checksum: da58aa6448deefad3deab6d7e7cce1935b4e87a2c79f05da2172104f5e1095271a493acdeab6acfa41beef0dde507fac71902a991408553e4d7228f392191ddf
  languageName: node
  linkType: hard

"supports-color@npm:^7.1.0":
  version: 7.2.0
  resolution: "supports-color@npm:7.2.0"
  dependencies:
    has-flag: ^4.0.0
  checksum: 8e57067c39216f3c2ffce7cc14ca934d54746192571203aa9c9922d97d2d55cc1bdaa9e41a11f91e620670b5a74ebdec6b548a885d8cc2dea7cab59e21416029
  languageName: node
  linkType: hard
